
Microsoft Visual Studio Solution File, Format Version 12.00
Project("{FAE04EC0-301F-11D3-BF4B-00C04F79EFBC}") = "Group.Core", "Group.Core\Group.Core.csproj", "{6628F312-F8CF-4377-9A67-64046D7872D5}"
EndProject
Project("{FAE04EC0-301F-11D3-BF4B-00C04F79EFBC}") = "Group.Infrastructure", "Group.Infrastructure\Group.Infrastructure.csproj", "{78F86840-4A02-440E-9448-1B9A7D5DA523}"
EndProject
Global
	GlobalSection(SolutionConfigurationPlatforms) = preSolution
		Debug|Any CPU = Debug|Any CPU
		Release|Any CPU = Release|Any CPU
	EndGlobalSection
	GlobalSection(ProjectConfigurationPlatforms) = postSolution
		{6628F312-F8CF-4377-9A67-64046D7872D5}.Debug|Any CPU.ActiveCfg = Debug|Any CPU
		{6628F312-F8CF-4377-9A67-64046D7872D5}.Debug|Any CPU.Build.0 = Debug|Any CPU
		{6628F312-F8CF-4377-9A67-64046D7872D5}.Release|Any CPU.ActiveCfg = Release|Any CPU
		{6628F312-F8CF-4377-9A67-64046D7872D5}.Release|Any CPU.Build.0 = Release|Any CPU
		{78F86840-4A02-440E-9448-1B9A7D5DA523}.Debug|Any CPU.ActiveCfg = Debug|Any CPU
		{78F86840-4A02-440E-9448-1B9A7D5DA523}.Debug|Any CPU.Build.0 = Debug|Any CPU
		{78F86840-4A02-440E-9448-1B9A7D5DA523}.Release|Any CPU.ActiveCfg = Release|Any CPU
		{78F86840-4A02-440E-9448-1B9A7D5DA523}.Release|Any CPU.Build.0 = Release|Any CPU
	EndGlobalSection
EndGlobal
